
Microsoft Visual Studio Solution File, Format Version 12.00
# Visual Studio Version 17
VisualStudioVersion = 17.5.002.0
MinimumVisualStudioVersion = 10.0.40219.1
Project("{9A19103F-16F7-4668-BE54-9A1E7A4F7556}") = "Minioppgave MVC", "Minioppgave MVC.csproj", "{183D243F-2885-4D75-AE1E-2C508BFB939C}"
EndProject
Global
	GlobalSection(SolutionConfigurationPlatforms) = preSolution
		Debug|Any CPU = Debug|Any CPU
		Release|Any CPU = Release|Any CPU
	EndGlobalSection
	GlobalSection(ProjectConfigurationPlatforms) = postSolution
		{183D243F-2885-4D75-AE1E-2C508BFB939C}.Debug|Any CPU.ActiveCfg = Debug|Any CPU
		{183D243F-2885-4D75-AE1E-2C508BFB939C}.Debug|Any CPU.Build.0 = Debug|Any CPU
		{183D243F-2885-4D75-AE1E-2C508BFB939C}.Release|Any CPU.ActiveCfg = Release|Any CPU
		{183D243F-2885-4D75-AE1E-2C508BFB939C}.Release|Any CPU.Build.0 = Release|Any CPU
	EndGlobalSection
	GlobalSection(SolutionProperties) = preSolution
		HideSolutionNode = FALSE
	EndGlobalSection
	GlobalSection(ExtensibilityGlobals) = postSolution
		SolutionGuid = {86F5C67D-A191-4F2A-8CE5-26E1363AE20F}
	EndGlobalSection
EndGlobal
